{
 "requires": true,
 "lockfileVersion": 1,
 "dependencies": {
  "@joi/date": {
   "version": "2.1.0",
   "resolved": "https://registry.npmjs.org/@joi/date/-/date-2.1.0.tgz",
   "integrity": "sha512-2zN5m0LgxZp/cynHGbzEImVmFIa+n+IOb/Nlw5LX/PLJneeCwG1NbiGw7MvPjsAKUGQK8z31Nn6V6lEN+4fZhg==",
   "requires": {
    "moment": "2.x.x"
   }
  },
  "@jsdevtools/ono": {
   "version": "7.1.3",
   "resolved": "https://registry.npmjs.org/@jsdevtools/ono/-/ono-7.1.3.tgz",
   "integrity": "sha512-4JQNk+3mVzK3xh2rqd6RB4J46qUR19azEHBneZyTZM+c456qOrbbM/5xcR8huNCCcbVt7+UmizG6GuUvPvKUYg=="
  },
  "async": {
   "version": "3.2.4",
   "resolved": "https://registry.npmjs.org/async/-/async-3.2.4.tgz",
   "integrity": "sha512-iAB+JbDEGXhyIUavoDl9WP/Jj106Kz9DEn1DPgYw5ruDn0e3Wgi3sKFm55sASdGBNOQB8F59d9qQ7deqrHA8wQ=="
  },
  "moment": {
   "version": "2.29.4",
   "resolved": "https://registry.npmjs.org/moment/-/moment-2.29.4.tgz",
   "integrity": "sha512-5LC9SOxjSc2HF6vO2CyuTDNivEdoz2IvyJJGj6X8DJ0eFyfszE0QiEd+iXmBvUP3WHxSjFH/vIsA0EN00cgr8w=="
  }
 }
}
